
Microsoft Visual Studio Solution File, Format Version 12.00
# Visual Studio Version 16
VisualStudioVersion = 16.0.29709.97
MinimumVisualStudioVersion = 10.0.40219.1
Project("{8BC9CEB8-8B4A-11D0-8D11-00A0C91BC942}") = "Indicium-Supra", "src\Indicium-Supra\Indicium-Supra.vcxproj", "{DB383579-DA7F-48C0-AB1F-7C4C93544E2C}"
EndProject
Project("{8BC9CEB8-8B4A-11D0-8D11-00A0C91BC942}") = "Indicium-FW1FontWrapper", "samples\Indicium-FW1FontWrapper\Indicium-FW1FontWrapper.vcxproj", "{32E54E8E-9BD1-4E71-AEF6-B1E3090711AA}"
EndProject
Project("{8BC9CEB8-8B4A-11D0-8D11-00A0C91BC942}") = "Indicium-ImGui", "samples\Indicium-ImGui\Indicium-ImGui.vcxproj", "{FC86B49A-3A73-4D82-81BA-D72B54C9132D}"
EndProject
Project("{2150E333-8FDC-42A3-9474-1A3956D46DE8}") = "core", "core", "{FC1684BA-3749-41B4-B35E-4B576A299F72}"
EndProject
Project("{2150E333-8FDC-42A3-9474-1A3956D46DE8}") = "samples", "samples", "{395DA647-2D87-485A-88DA-5AF160444A8A}"
EndProject
Project("{2150E333-8FDC-42A3-9474-1A3956D46DE8}") = "stuff", "stuff", "{0C054BBB-4669-4E4A-AE2D-B3FCF755FF53}"
	ProjectSection(SolutionItems) = preProject
		metrics.cpp = metrics.cpp
	EndProjectSection
EndProject
Project("{8BC9CEB8-8B4A-11D0-8D11-00A0C91BC942}") = "SharedMemTest", "SharedMemTest\SharedMemTest.vcxproj", "{7AA2445F-923E-458B-9996-010AA8F16874}"
EndProject
Project("{2150E333-8FDC-42A3-9474-1A3956D46DE8}") = "GameCoreUsage", "GameCoreUsage", "{6FD5789D-B706-4EF3-8827-527BFD475DD7}"
EndProject
Project("{FAE04EC0-301F-11D3-BF4B-00C04F79EFBC}") = "GameCoreUsage", "GameCoreUsage\GameCoreUsage.csproj", "{820CD579-AD67-409C-933C-CF8372C1D77B}"
EndProject
Project("{8BC9CEB8-8B4A-11D0-8D11-00A0C91BC942}") = "GCUMemReader", "GCUMemReader\GCUMemReader.vcxproj", "{0C252871-D177-4CFC-BA40-0EAD404FA7FD}"
EndProject
Global
	GlobalSection(SolutionConfigurationPlatforms) = preSolution
		Debug_LIB|Any CPU = Debug_LIB|Any CPU
		Debug_LIB|Win32 = Debug_LIB|Win32
		Debug_LIB|x64 = Debug_LIB|x64
		Debug|Any CPU = Debug|Any CPU
		Debug|Win32 = Debug|Win32
		Debug|x64 = Debug|x64
		Release_LIB|Any CPU = Release_LIB|Any CPU
		Release_LIB|Win32 = Release_LIB|Win32
		Release_LIB|x64 = Release_LIB|x64
		Release|Any CPU = Release|Any CPU
		Release|Win32 = Release|Win32
		Release|x64 = Release|x64
	EndGlobalSection
	GlobalSection(ProjectConfigurationPlatforms) = postSolution
		{DB383579-DA7F-48C0-AB1F-7C4C93544E2C}.Debug_LIB|Any CPU.ActiveCfg = Debug_LIB|Win32
		{DB383579-DA7F-48C0-AB1F-7C4C93544E2C}.Debug_LIB|Win32.ActiveCfg = Debug_LIB|Win32
		{DB383579-DA7F-48C0-AB1F-7C4C93544E2C}.Debug_LIB|Win32.Build.0 = Debug_LIB|Win32
		{DB383579-DA7F-48C0-AB1F-7C4C93544E2C}.Debug_LIB|x64.ActiveCfg = Debug_LIB|x64
		{DB383579-DA7F-48C0-AB1F-7C4C93544E2C}.Debug_LIB|x64.Build.0 = Debug_LIB|x64
		{DB383579-DA7F-48C0-AB1F-7C4C93544E2C}.Debug|Any CPU.ActiveCfg = Debug|Win32
		{DB383579-DA7F-48C0-AB1F-7C4C93544E2C}.Debug|Win32.ActiveCfg = Debug|Win32
		{DB383579-DA7F-48C0-AB1F-7C4C93544E2C}.Debug|Win32.Build.0 = Debug|Win32
		{DB383579-DA7F-48C0-AB1F-7C4C93544E2C}.Debug|x64.ActiveCfg = Debug|x64
		{DB383579-DA7F-48C0-AB1F-7C4C93544E2C}.Debug|x64.Build.0 = Debug|x64
		{DB383579-DA7F-48C0-AB1F-7C4C93544E2C}.Release_LIB|Any CPU.ActiveCfg = Release_LIB|Win32
		{DB383579-DA7F-48C0-AB1F-7C4C93544E2C}.Release_LIB|Win32.ActiveCfg = Release_LIB|Win32
		{DB383579-DA7F-48C0-AB1F-7C4C93544E2C}.Release_LIB|Win32.Build.0 = Release_LIB|Win32
		{DB383579-DA7F-48C0-AB1F-7C4C93544E2C}.Release_LIB|x64.ActiveCfg = Release_LIB|x64
		{DB383579-DA7F-48C0-AB1F-7C4C93544E2C}.Release_LIB|x64.Build.0 = Release_LIB|x64
		{DB383579-DA7F-48C0-AB1F-7C4C93544E2C}.Release|Any CPU.ActiveCfg = Release|Win32
		{DB383579-DA7F-48C0-AB1F-7C4C93544E2C}.Release|Win32.ActiveCfg = Release|Win32
		{DB383579-DA7F-48C0-AB1F-7C4C93544E2C}.Release|Win32.Build.0 = Release|Win32
		{DB383579-DA7F-48C0-AB1F-7C4C93544E2C}.Release|x64.ActiveCfg = Release|x64
		{DB383579-DA7F-48C0-AB1F-7C4C93544E2C}.Release|x64.Build.0 = Release|x64
		{32E54E8E-9BD1-4E71-AEF6-B1E3090711AA}.Debug_LIB|Any CPU.ActiveCfg = Release|x64
		{32E54E8E-9BD1-4E71-AEF6-B1E3090711AA}.Debug_LIB|Any CPU.Build.0 = Release|x64
		{32E54E8E-9BD1-4E71-AEF6-B1E3090711AA}.Debug_LIB|Win32.ActiveCfg = Debug|Win32
		{32E54E8E-9BD1-4E71-AEF6-B1E3090711AA}.Debug_LIB|Win32.Build.0 = Debug|Win32
		{32E54E8E-9BD1-4E71-AEF6-B1E3090711AA}.Debug_LIB|x64.ActiveCfg = Debug|x64
		{32E54E8E-9BD1-4E71-AEF6-B1E3090711AA}.Debug_LIB|x64.Build.0 = Debug|x64
		{32E54E8E-9BD1-4E71-AEF6-B1E3090711AA}.Debug|Any CPU.ActiveCfg = Debug|Win32
		{32E54E8E-9BD1-4E71-AEF6-B1E3090711AA}.Debug|Win32.ActiveCfg = Debug|Win32
		{32E54E8E-9BD1-4E71-AEF6-B1E3090711AA}.Debug|Win32.Build.0 = Debug|Win32
		{32E54E8E-9BD1-4E71-AEF6-B1E3090711AA}.Debug|x64.ActiveCfg = Debug|x64
		{32E54E8E-9BD1-4E71-AEF6-B1E3090711AA}.Debug|x64.Build.0 = Debug|x64
		{32E54E8E-9BD1-4E71-AEF6-B1E3090711AA}.Release_LIB|Any CPU.ActiveCfg = Release|x64
		{32E54E8E-9BD1-4E71-AEF6-B1E3090711AA}.Release_LIB|Any CPU.Build.0 = Release|x64
		{32E54E8E-9BD1-4E71-AEF6-B1E3090711AA}.Release_LIB|Win32.ActiveCfg = Release|Win32
		{32E54E8E-9BD1-4E71-AEF6-B1E3090711AA}.Release_LIB|Win32.Build.0 = Release|Win32
		{32E54E8E-9BD1-4E71-AEF6-B1E3090711AA}.Release_LIB|x64.ActiveCfg = Release|x64
		{32E54E8E-9BD1-4E71-AEF6-B1E3090711AA}.Release_LIB|x64.Build.0 = Release|x64
		{32E54E8E-9BD1-4E71-AEF6-B1E3090711AA}.Release|Any CPU.ActiveCfg = Release|Win32
		{32E54E8E-9BD1-4E71-AEF6-B1E3090711AA}.Release|Win32.ActiveCfg = Release|Win32
		{32E54E8E-9BD1-4E71-AEF6-B1E3090711AA}.Release|Win32.Build.0 = Release|Win32
		{32E54E8E-9BD1-4E71-AEF6-B1E3090711AA}.Release|x64.ActiveCfg = Release|x64
		{32E54E8E-9BD1-4E71-AEF6-B1E3090711AA}.Release|x64.Build.0 = Release|x64
		{FC86B49A-3A73-4D82-81BA-D72B54C9132D}.Debug_LIB|Any CPU.ActiveCfg = Release|x64
		{FC86B49A-3A73-4D82-81BA-D72B54C9132D}.Debug_LIB|Any CPU.Build.0 = Release|x64
		{FC86B49A-3A73-4D82-81BA-D72B54C9132D}.Debug_LIB|Win32.ActiveCfg = Debug|Win32
		{FC86B49A-3A73-4D82-81BA-D72B54C9132D}.Debug_LIB|Win32.Build.0 = Debug|Win32
		{FC86B49A-3A73-4D82-81BA-D72B54C9132D}.Debug_LIB|x64.ActiveCfg = Debug|x64
		{FC86B49A-3A73-4D82-81BA-D72B54C9132D}.Debug_LIB|x64.Build.0 = Debug|x64
		{FC86B49A-3A73-4D82-81BA-D72B54C9132D}.Debug|Any CPU.ActiveCfg = Debug|Win32
		{FC86B49A-3A73-4D82-81BA-D72B54C9132D}.Debug|Win32.ActiveCfg = Debug|Win32
		{FC86B49A-3A73-4D82-81BA-D72B54C9132D}.Debug|Win32.Build.0 = Debug|Win32
		{FC86B49A-3A73-4D82-81BA-D72B54C9132D}.Debug|x64.ActiveCfg = Debug|x64
		{FC86B49A-3A73-4D82-81BA-D72B54C9132D}.Debug|x64.Build.0 = Debug|x64
		{FC86B49A-3A73-4D82-81BA-D72B54C9132D}.Release_LIB|Any CPU.ActiveCfg = Release|x64
		{FC86B49A-3A73-4D82-81BA-D72B54C9132D}.Release_LIB|Any CPU.Build.0 = Release|x64
		{FC86B49A-3A73-4D82-81BA-D72B54C9132D}.Release_LIB|Win32.ActiveCfg = Release|Win32
		{FC86B49A-3A73-4D82-81BA-D72B54C9132D}.Release_LIB|Win32.Build.0 = Release|Win32
		{FC86B49A-3A73-4D82-81BA-D72B54C9132D}.Release_LIB|x64.ActiveCfg = Release|x64
		{FC86B49A-3A73-4D82-81BA-D72B54C9132D}.Release_LIB|x64.Build.0 = Release|x64
		{FC86B49A-3A73-4D82-81BA-D72B54C9132D}.Release|Any CPU.ActiveCfg = Release|Win32
		{FC86B49A-3A73-4D82-81BA-D72B54C9132D}.Release|Win32.ActiveCfg = Release|Win32
		{FC86B49A-3A73-4D82-81BA-D72B54C9132D}.Release|Win32.Build.0 = Release|Win32
		{FC86B49A-3A73-4D82-81BA-D72B54C9132D}.Release|x64.ActiveCfg = Release|x64
		{FC86B49A-3A73-4D82-81BA-D72B54C9132D}.Release|x64.Build.0 = Release|x64
		{7AA2445F-923E-458B-9996-010AA8F16874}.Debug_LIB|Any CPU.ActiveCfg = Release|x64
		{7AA2445F-923E-458B-9996-010AA8F16874}.Debug_LIB|Any CPU.Build.0 = Release|x64
		{7AA2445F-923E-458B-9996-010AA8F16874}.Debug_LIB|Win32.ActiveCfg = Debug|Win32
		{7AA2445F-923E-458B-9996-010AA8F16874}.Debug_LIB|Win32.Build.0 = Debug|Win32
		{7AA2445F-923E-458B-9996-010AA8F16874}.Debug_LIB|x64.ActiveCfg = Debug|x64
		{7AA2445F-923E-458B-9996-010AA8F16874}.Debug_LIB|x64.Build.0 = Debug|x64
		{7AA2445F-923E-458B-9996-010AA8F16874}.Debug|Any CPU.ActiveCfg = Debug|Win32
		{7AA2445F-923E-458B-9996-010AA8F16874}.Debug|Win32.ActiveCfg = Debug|Win32
		{7AA2445F-923E-458B-9996-010AA8F16874}.Debug|Win32.Build.0 = Debug|Win32
		{7AA2445F-923E-458B-9996-010AA8F16874}.Debug|x64.ActiveCfg = Debug|x64
		{7AA2445F-923E-458B-9996-010AA8F16874}.Debug|x64.Build.0 = Debug|x64
		{7AA2445F-923E-458B-9996-010AA8F16874}.Release_LIB|Any CPU.ActiveCfg = Release|x64
		{7AA2445F-923E-458B-9996-010AA8F16874}.Release_LIB|Any CPU.Build.0 = Release|x64
		{7AA2445F-923E-458B-9996-010AA8F16874}.Release_LIB|Win32.ActiveCfg = Release|Win32
		{7AA2445F-923E-458B-9996-010AA8F16874}.Release_LIB|Win32.Build.0 = Release|Win32
		{7AA2445F-923E-458B-9996-010AA8F16874}.Release_LIB|x64.ActiveCfg = Release|x64
		{7AA2445F-923E-458B-9996-010AA8F16874}.Release_LIB|x64.Build.0 = Release|x64
		{7AA2445F-923E-458B-9996-010AA8F16874}.Release|Any CPU.ActiveCfg = Release|Win32
		{7AA2445F-923E-458B-9996-010AA8F16874}.Release|Win32.ActiveCfg = Release|Win32
		{7AA2445F-923E-458B-9996-010AA8F16874}.Release|Win32.Build.0 = Release|Win32
		{7AA2445F-923E-458B-9996-010AA8F16874}.Release|x64.ActiveCfg = Release|x64
		{7AA2445F-923E-458B-9996-010AA8F16874}.Release|x64.Build.0 = Release|x64
		{820CD579-AD67-409C-933C-CF8372C1D77B}.Debug_LIB|Any CPU.ActiveCfg = Debug|Any CPU
		{820CD579-AD67-409C-933C-CF8372C1D77B}.Debug_LIB|Any CPU.Build.0 = Debug|Any CPU
		{820CD579-AD67-409C-933C-CF8372C1D77B}.Debug_LIB|Win32.ActiveCfg = Debug|Any CPU
		{820CD579-AD67-409C-933C-CF8372C1D77B}.Debug_LIB|Win32.Build.0 = Debug|Any CPU
		{820CD579-AD67-409C-933C-CF8372C1D77B}.Debug_LIB|x64.ActiveCfg = Debug|Any CPU
		{820CD579-AD67-409C-933C-CF8372C1D77B}.Debug_LIB|x64.Build.0 = Debug|Any CPU
		{820CD579-AD67-409C-933C-CF8372C1D77B}.Debug|Any CPU.ActiveCfg = Debug|Any CPU
		{820CD579-AD67-409C-933C-CF8372C1D77B}.Debug|Any CPU.Build.0 = Debug|Any CPU
		{820CD579-AD67-409C-933C-CF8372C1D77B}.Debug|Win32.ActiveCfg = Debug|Any CPU
		{820CD579-AD67-409C-933C-CF8372C1D77B}.Debug|Win32.Build.0 = Debug|Any CPU
		{820CD579-AD67-409C-933C-CF8372C1D77B}.Debug|x64.ActiveCfg = Debug|Any CPU
		{820CD579-AD67-409C-933C-CF8372C1D77B}.Debug|x64.Build.0 = Debug|Any CPU
		{820CD579-AD67-409C-933C-CF8372C1D77B}.Release_LIB|Any CPU.ActiveCfg = Release|Any CPU
		{820CD579-AD67-409C-933C-CF8372C1D77B}.Release_LIB|Any CPU.Build.0 = Release|Any CPU
		{820CD579-AD67-409C-933C-CF8372C1D77B}.Release_LIB|Win32.ActiveCfg = Release|Any CPU
		{820CD579-AD67-409C-933C-CF8372C1D77B}.Release_LIB|Win32.Build.0 = Release|Any CPU
		{820CD579-AD67-409C-933C-CF8372C1D77B}.Release_LIB|x64.ActiveCfg = Release|Any CPU
		{820CD579-AD67-409C-933C-CF8372C1D77B}.Release_LIB|x64.Build.0 = Release|Any CPU
		{820CD579-AD67-409C-933C-CF8372C1D77B}.Release|Any CPU.ActiveCfg = Release|Any CPU
		{820CD579-AD67-409C-933C-CF8372C1D77B}.Release|Any CPU.Build.0 = Release|Any CPU
		{820CD579-AD67-409C-933C-CF8372C1D77B}.Release|Win32.ActiveCfg = Release|Any CPU
		{820CD579-AD67-409C-933C-CF8372C1D77B}.Release|Win32.Build.0 = Release|Any CPU
		{820CD579-AD67-409C-933C-CF8372C1D77B}.Release|x64.ActiveCfg = Release|Any CPU
		{820CD579-AD67-409C-933C-CF8372C1D77B}.Release|x64.Build.0 = Release|Any CPU
		{0C252871-D177-4CFC-BA40-0EAD404FA7FD}.Debug_LIB|Any CPU.ActiveCfg = Debug|Win32
		{0C252871-D177-4CFC-BA40-0EAD404FA7FD}.Debug_LIB|Any CPU.Build.0 = Debug|Win32
		{0C252871-D177-4CFC-BA40-0EAD404FA7FD}.Debug_LIB|Win32.ActiveCfg = Debug|Win32
		{0C252871-D177-4CFC-BA40-0EAD404FA7FD}.Debug_LIB|Win32.Build.0 = Debug|Win32
		{0C252871-D177-4CFC-BA40-0EAD404FA7FD}.Debug_LIB|x64.ActiveCfg = Debug|x64
		{0C252871-D177-4CFC-BA40-0EAD404FA7FD}.Debug_LIB|x64.Build.0 = Debug|x64
		{0C252871-D177-4CFC-BA40-0EAD404FA7FD}.Debug|Any CPU.ActiveCfg = Debug|Win32
		{0C252871-D177-4CFC-BA40-0EAD404FA7FD}.Debug|Win32.ActiveCfg = Debug|Win32
		{0C252871-D177-4CFC-BA40-0EAD404FA7FD}.Debug|Win32.Build.0 = Debug|Win32
		{0C252871-D177-4CFC-BA40-0EAD404FA7FD}.Debug|x64.ActiveCfg = Debug|x64
		{0C252871-D177-4CFC-BA40-0EAD404FA7FD}.Debug|x64.Build.0 = Debug|x64
		{0C252871-D177-4CFC-BA40-0EAD404FA7FD}.Release_LIB|Any CPU.ActiveCfg = Debug|Win32
		{0C252871-D177-4CFC-BA40-0EAD404FA7FD}.Release_LIB|Any CPU.Build.0 = Debug|Win32
		{0C252871-D177-4CFC-BA40-0EAD404FA7FD}.Release_LIB|Win32.ActiveCfg = Release|Win32
		{0C252871-D177-4CFC-BA40-0EAD404FA7FD}.Release_LIB|Win32.Build.0 = Release|Win32
		{0C252871-D177-4CFC-BA40-0EAD404FA7FD}.Release_LIB|x64.ActiveCfg = Release|x64
		{0C252871-D177-4CFC-BA40-0EAD404FA7FD}.Release_LIB|x64.Build.0 = Release|x64
		{0C252871-D177-4CFC-BA40-0EAD404FA7FD}.Release|Any CPU.ActiveCfg = Release|Win32
		{0C252871-D177-4CFC-BA40-0EAD404FA7FD}.Release|Win32.ActiveCfg = Release|Win32
		{0C252871-D177-4CFC-BA40-0EAD404FA7FD}.Release|Win32.Build.0 = Release|Win32
		{0C252871-D177-4CFC-BA40-0EAD404FA7FD}.Release|x64.ActiveCfg = Release|x64
		{0C252871-D177-4CFC-BA40-0EAD404FA7FD}.Release|x64.Build.0 = Release|x64
	EndGlobalSection
	GlobalSection(SolutionProperties) = preSolution
		HideSolutionNode = FALSE
	EndGlobalSection
	GlobalSection(NestedProjects) = preSolution
		{DB383579-DA7F-48C0-AB1F-7C4C93544E2C} = {FC1684BA-3749-41B4-B35E-4B576A299F72}
		{32E54E8E-9BD1-4E71-AEF6-B1E3090711AA} = {395DA647-2D87-485A-88DA-5AF160444A8A}
		{FC86B49A-3A73-4D82-81BA-D72B54C9132D} = {395DA647-2D87-485A-88DA-5AF160444A8A}
		{7AA2445F-923E-458B-9996-010AA8F16874} = {0C054BBB-4669-4E4A-AE2D-B3FCF755FF53}
		{820CD579-AD67-409C-933C-CF8372C1D77B} = {6FD5789D-B706-4EF3-8827-527BFD475DD7}
		{0C252871-D177-4CFC-BA40-0EAD404FA7FD} = {6FD5789D-B706-4EF3-8827-527BFD475DD7}
	EndGlobalSection
	GlobalSection(ExtensibilityGlobals) = postSolution
		SolutionGuid = {5ABF8FCE-1527-45A6-93D4-87D854EC7D5F}
	EndGlobalSection
EndGlobal
